// !$*UTF8*$!
{
	archiveVersion = 1;
	classes = {
	};
	objectVersion = 46;
	objects = {

/* Begin PBXBuildFile section */
		7416BE701CA52C1400A0B33C /* RealmArtObject.swift in Sources */ = {isa = PBXBuildFile; fileRef = 7416BE6F1CA52C1400A0B33C /* RealmArtObject.swift */; };
		7416BE721CA52DA800A0B33C /* RealmAuthor.swift in Sources */ = {isa = PBXBuildFile; fileRef = 7416BE711CA52DA800A0B33C /* RealmAuthor.swift */; };
		7416BE741CA52DE900A0B33C /* RealmLocation.swift in Sources */ = {isa = PBXBuildFile; fileRef = 7416BE731CA52DE900A0B33C /* RealmLocation.swift */; };
		7416BE761CA52E3B00A0B33C /* DataSource.swift in Sources */ = {isa = PBXBuildFile; fileRef = 7416BE751CA52E3B00A0B33C /* DataSource.swift */; };
		7416BE7A1CA5315F00A0B33C /* ArtObjectUi.swift in Sources */ = {isa = PBXBuildFile; fileRef = 7416BE791CA5315F00A0B33C /* ArtObjectUi.swift */; };
		7416BE7C1CA5321000A0B33C /* AuthorUi.swift in Sources */ = {isa = PBXBuildFile; fileRef = 7416BE7B1CA5321000A0B33C /* AuthorUi.swift */; };
		7416BE7E1CA55DB200A0B33C /* RealmString.swift in Sources */ = {isa = PBXBuildFile; fileRef = 7416BE7D1CA55DB200A0B33C /* RealmString.swift */; };
		7477F3241CA2F496005F6D3A /* AppDelegate.swift in Sources */ = {isa = PBXBuildFile; fileRef = 7477F3231CA2F496005F6D3A /* AppDelegate.swift */; };
		7477F3261CA2F496005F6D3A /* MapViewController.swift in Sources */ = {isa = PBXBuildFile; fileRef = 7477F3251CA2F496005F6D3A /* MapViewController.swift */; };
		7477F3281CA2F496005F6D3A /* ListViewController.swift in Sources */ = {isa = PBXBuildFile; fileRef = 7477F3271CA2F496005F6D3A /* ListViewController.swift */; };
		7477F32B1CA2F496005F6D3A /* Main.storyboard in Resources */ = {isa = PBXBuildFile; fileRef = 7477F3291CA2F496005F6D3A /* Main.storyboard */; };
		7477F32D1CA2F496005F6D3A /* Assets.xcassets in Resources */ = {isa = PBXBuildFile; fileRef = 7477F32C1CA2F496005F6D3A /* Assets.xcassets */; };
		7477F3301CA2F496005F6D3A /* LaunchScreen.storyboard in Resources */ = {isa = PBXBuildFile; fileRef = 7477F32E1CA2F496005F6D3A /* LaunchScreen.storyboard */; };
		7477F33B1CA2F497005F6D3A /* StreetArtViewTests.swift in Sources */ = {isa = PBXBuildFile; fileRef = 7477F33A1CA2F497005F6D3A /* StreetArtViewTests.swift */; };
		7477F3461CA2F497005F6D3A /* StreetArtViewUITests.swift in Sources */ = {isa = PBXBuildFile; fileRef = 7477F3451CA2F497005F6D3A /* StreetArtViewUITests.swift */; };
		74952D311CA40651008AEA8F /* FavouritesViewController.swift in Sources */ = {isa = PBXBuildFile; fileRef = 74952D301CA40651008AEA8F /* FavouritesViewController.swift */; };
/* End PBXBuildFile section */

/* Begin PBXContainerItemProxy section */
		7477F3371CA2F497005F6D3A /* PBXContainerItemProxy */ = {
			isa = PBXContainerItemProxy;
			containerPortal = 7477F3181CA2F496005F6D3A /* Project object */;
			proxyType = 1;
			remoteGlobalIDString = 7477F31F1CA2F496005F6D3A;
			remoteInfo = StreetArtView;
		};
		7477F3421CA2F497005F6D3A /* PBXContainerItemProxy */ = {
			isa = PBXContainerItemProxy;
			containerPortal = 7477F3181CA2F496005F6D3A /* Project object */;
			proxyType = 1;
			remoteGlobalIDString = 7477F31F1CA2F496005F6D3A;
			remoteInfo = StreetArtView;
		};
/* End PBXContainerItemProxy section */

/* Begin PBXFileReference section */
		015772D2A4A6CF63DC911D2A /* Pods-StreetArtView.debug.xcconfig */ = {isa = PBXFileReference; includeInIndex = 1; lastKnownFileType = text.xcconfig; name = "Pods-StreetArtView.debug.xcconfig"; path = "Pods/Target Support Files/Pods-StreetArtView/Pods-StreetArtView.debug.xcconfig"; sourceTree = "<group>"; };
		7416BE6F1CA52C1400A0B33C /* RealmArtObject.swift */ = {isa = PBXFileReference; fileEncoding = 4; lastKnownFileType = sourcecode.swift; path = RealmArtObject.swift; sourceTree = "<group>"; };
		7416BE711CA52DA800A0B33C /* RealmAuthor.swift */ = {isa = PBXFileReference; fileEncoding = 4; lastKnownFileType = sourcecode.swift; path = RealmAuthor.swift; sourceTree = "<group>"; };
		7416BE731CA52DE900A0B33C /* RealmLocation.swift */ = {isa = PBXFileReference; fileEncoding = 4; lastKnownFileType = sourcecode.swift; path = RealmLocation.swift; sourceTree = "<group>"; };
		7416BE751CA52E3B00A0B33C /* DataSource.swift */ = {isa = PBXFileReference; fileEncoding = 4; lastKnownFileType = sourcecode.swift; path = DataSource.swift; sourceTree = "<group>"; };
		7416BE791CA5315F00A0B33C /* ArtObjectUi.swift */ = {isa = PBXFileReference; fileEncoding = 4; lastKnownFileType = sourcecode.swift; path = ArtObjectUi.swift; sourceTree = "<group>"; };
		7416BE7B1CA5321000A0B33C /* AuthorUi.swift */ = {isa = PBXFileReference; fileEncoding = 4; lastKnownFileType = sourcecode.swift; path = AuthorUi.swift; sourceTree = "<group>"; };
		7416BE7D1CA55DB200A0B33C /* RealmString.swift */ = {isa = PBXFileReference; fileEncoding = 4; lastKnownFileType = sourcecode.swift; path = RealmString.swift; sourceTree = "<group>"; };
		7477F3201CA2F496005F6D3A /* StreetArtView.app */ = {isa = PBXFileReference; explicitFileType = wrapper.application; includeInIndex = 0; path = StreetArtView.app; sourceTree = BUILT_PRODUCTS_DIR; };
		7477F3231CA2F496005F6D3A /* AppDelegate.swift */ = {isa = PBXFileReference; lastKnownFileType = sourcecode.swift; path = AppDelegate.swift; sourceTree = "<group>"; };
		7477F3251CA2F496005F6D3A /* MapViewController.swift */ = {isa = PBXFileReference; lastKnownFileType = sourcecode.swift; path = MapViewController.swift; sourceTree = "<group>"; };
		7477F3271CA2F496005F6D3A /* ListViewController.swift */ = {isa = PBXFileReference; lastKnownFileType = sourcecode.swift; path = ListViewController.swift; sourceTree = "<group>"; };
		7477F32A1CA2F496005F6D3A /* Base */ = {isa = PBXFileReference; lastKnownFileType = file.storyboard; name = Base; path = Base.lproj/Main.storyboard; sourceTree = "<group>"; };
		7477F32C1CA2F496005F6D3A /* Assets.xcassets */ = {isa = PBXFileReference; lastKnownFileType = folder.assetcatalog; path = Assets.xcassets; sourceTree = "<group>"; };
		7477F32F1CA2F496005F6D3A /* Base */ = {isa = PBXFileReference; lastKnownFileType = file.storyboard; name = Base; path = Base.lproj/LaunchScreen.storyboard; sourceTree = "<group>"; };
		7477F3311CA2F496005F6D3A /* Info.plist */ = {isa = PBXFileReference; lastKnownFileType = text.plist.xml; path = Info.plist; sourceTree = "<group>"; };
		7477F3361CA2F497005F6D3A /* StreetArtViewTests.xctest */ = {isa = PBXFileReference; explicitFileType = wrapper.cfbundle; includeInIndex = 0; path = StreetArtViewTests.xctest; sourceTree = BUILT_PRODUCTS_DIR; };
		7477F33A1CA2F497005F6D3A /* StreetArtViewTests.swift */ = {isa = PBXFileReference; lastKnownFileType = sourcecode.swift; path = StreetArtViewTests.swift; sourceTree = "<group>"; };
		7477F33C1CA2F497005F6D3A /* Info.plist */ = {isa = PBXFileReference; lastKnownFileType = text.plist.xml; path = Info.plist; sourceTree = "<group>"; };
		7477F3411CA2F497005F6D3A /* StreetArtViewUITests.xctest */ = {isa = PBXFileReference; explicitFileType = wrapper.cfbundle; includeInIndex = 0; path = StreetArtViewUITests.xctest; sourceTree = BUILT_PRODUCTS_DIR; };
		7477F3451CA2F497005F6D3A /* StreetArtViewUITests.swift */ = {isa = PBXFileReference; lastKnownFileType = sourcecode.swift; path = StreetArtViewUITests.swift; sourceTree = "<group>"; };
		7477F3471CA2F497005F6D3A /* Info.plist */ = {isa = PBXFileReference; lastKnownFileType = text.plist.xml; path = Info.plist; sourceTree = "<group>"; };
		74952D301CA40651008AEA8F /* FavouritesViewController.swift */ = {isa = PBXFileReference; fileEncoding = 4; lastKnownFileType = sourcecode.swift; path = FavouritesViewController.swift; sourceTree = "<group>"; };
		7DC321D93F58836E5E3600DC /* Pods-StreetArtView.release.xcconfig */ = {isa = PBXFileReference; includeInIndex = 1; lastKnownFileType = text.xcconfig; name = "Pods-StreetArtView.release.xcconfig"; path = "Pods/Target Support Files/Pods-StreetArtView/Pods-StreetArtView.release.xcconfig"; sourceTree = "<group>"; };
		8B06C0D2B00BF582F82575B3 /* Pods-StreetArtViewTests.release.xcconfig */ = {isa = PBXFileReference; includeInIndex = 1; lastKnownFileType = text.xcconfig; name = "Pods-StreetArtViewTests.release.xcconfig"; path = "Pods/Target Support Files/Pods-StreetArtViewTests/Pods-StreetArtViewTests.release.xcconfig"; sourceTree = "<group>"; };
		A402228E0BAC104B0CE98F08 /* Pods-StreetArtViewTests.debug.xcconfig */ = {isa = PBXFileReference; includeInIndex = 1; lastKnownFileType = text.xcconfig; name = "Pods-StreetArtViewTests.debug.xcconfig"; path = "Pods/Target Support Files/Pods-StreetArtViewTests/Pods-StreetArtViewTests.debug.xcconfig"; sourceTree = "<group>"; };
/* End PBXFileReference section */

/* Begin PBXFrameworksBuildPhase section */
		7477F31D1CA2F496005F6D3A /* Frameworks */ = {
			isa = PBXFrameworksBuildPhase;
			buildActionMask = 2147483647;
			files = (
			);
			runOnlyForDeploymentPostprocessing = 0;
		};
		7477F3331CA2F497005F6D3A /* Frameworks */ = {
			isa = PBXFrameworksBuildPhase;
			buildActionMask = 2147483647;
			files = (
			);
			runOnlyForDeploymentPostprocessing = 0;
		};
		7477F33E1CA2F497005F6D3A /* Frameworks */ = {
			isa = PBXFrameworksBuildPhase;
			buildActionMask = 2147483647;
			files = (
			);
			runOnlyForDeploymentPostprocessing = 0;
		};
/* End PBXFrameworksBuildPhase section */

/* Begin PBXGroup section */
		36D826218B04F3B4C943F859 /* Pods */ = {
			isa = PBXGroup;
			children = (
				015772D2A4A6CF63DC911D2A /* Pods-StreetArtView.debug.xcconfig */,
				7DC321D93F58836E5E3600DC /* Pods-StreetArtView.release.xcconfig */,
				A402228E0BAC104B0CE98F08 /* Pods-StreetArtViewTests.debug.xcconfig */,
				8B06C0D2B00BF582F82575B3 /* Pods-StreetArtViewTests.release.xcconfig */,
			);
			name = Pods;
			sourceTree = "<group>";
		};
		7416BE6D1CA52BE600A0B33C /* store */ = {
			isa = PBXGroup;
			children = (
				7416BE6E1CA52BF000A0B33C /* realmModels */,
				7416BE751CA52E3B00A0B33C /* DataSource.swift */,
			);
			name = store;
			sourceTree = "<group>";
		};
		7416BE6E1CA52BF000A0B33C /* realmModels */ = {
			isa = PBXGroup;
			children = (
				7416BE6F1CA52C1400A0B33C /* RealmArtObject.swift */,
				7416BE711CA52DA800A0B33C /* RealmAuthor.swift */,
				7416BE731CA52DE900A0B33C /* RealmLocation.swift */,
				7416BE7D1CA55DB200A0B33C /* RealmString.swift */,
			);
			name = realmModels;
			sourceTree = "<group>";
		};
		7416BE771CA5313C00A0B33C /* ui */ = {
			isa = PBXGroup;
			children = (
				7477F3251CA2F496005F6D3A /* MapViewController.swift */,
				7477F3271CA2F496005F6D3A /* ListViewController.swift */,
				74952D301CA40651008AEA8F /* FavouritesViewController.swift */,
				7416BE781CA5314500A0B33C /* model */,
			);
			name = ui;
			sourceTree = "<group>";
		};
		7416BE781CA5314500A0B33C /* model */ = {
			isa = PBXGroup;
			children = (
				7416BE791CA5315F00A0B33C /* ArtObjectUi.swift */,
				7416BE7B1CA5321000A0B33C /* AuthorUi.swift */,
			);
			name = model;
			sourceTree = "<group>";
		};
		7477F3171CA2F496005F6D3A = {
			isa = PBXGroup;
			children = (
				7477F3221CA2F496005F6D3A /* StreetArtView */,
				7477F3391CA2F497005F6D3A /* StreetArtViewTests */,
				7477F3441CA2F497005F6D3A /* StreetArtViewUITests */,
				7477F3211CA2F496005F6D3A /* Products */,
				36D826218B04F3B4C943F859 /* Pods */,
			);
			sourceTree = "<group>";
		};
		7477F3211CA2F496005F6D3A /* Products */ = {
			isa = PBXGroup;
			children = (
				7477F3201CA2F496005F6D3A /* StreetArtView.app */,
				7477F3361CA2F497005F6D3A /* StreetArtViewTests.xctest */,
				7477F3411CA2F497005F6D3A /* StreetArtViewUITests.xctest */,
			);
			name = Products;
			sourceTree = "<group>";
		};
		7477F3221CA2F496005F6D3A /* StreetArtView */ = {
			isa = PBXGroup;
			children = (
				7416BE771CA5313C00A0B33C /* ui */,
				7416BE6D1CA52BE600A0B33C /* store */,
				7477F3231CA2F496005F6D3A /* AppDelegate.swift */,
				7477F3291CA2F496005F6D3A /* Main.storyboard */,
				7477F32C1CA2F496005F6D3A /* Assets.xcassets */,
				7477F32E1CA2F496005F6D3A /* LaunchScreen.storyboard */,
				7477F3311CA2F496005F6D3A /* Info.plist */,
			);
			path = StreetArtView;
			sourceTree = "<group>";
		};
		7477F3391CA2F497005F6D3A /* StreetArtViewTests */ = {
			isa = PBXGroup;
			children = (
				7477F33A1CA2F497005F6D3A /* StreetArtViewTests.swift */,
				7477F33C1CA2F497005F6D3A /* Info.plist */,
			);
			path = StreetArtViewTests;
			sourceTree = "<group>";
		};
		7477F3441CA2F497005F6D3A /* StreetArtViewUITests */ = {
			isa = PBXGroup;
			children = (
				7477F3451CA2F497005F6D3A /* StreetArtViewUITests.swift */,
				7477F3471CA2F497005F6D3A /* Info.plist */,
			);
			path = StreetArtViewUITests;
			sourceTree = "<group>";
		};
/* End PBXGroup section */

/* Begin PBXNativeTarget section */
		7477F31F1CA2F496005F6D3A /* StreetArtView */ = {
			isa = PBXNativeTarget;
			buildConfigurationList = 7477F34A1CA2F497005F6D3A /* Build configuration list for PBXNativeTarget "StreetArtView" */;
			buildPhases = (
				78EEF6D5A64208C64E468A1A /* Check Pods Manifest.lock */,
				7477F31C1CA2F496005F6D3A /* Sources */,
				7477F31D1CA2F496005F6D3A /* Frameworks */,
				7477F31E1CA2F496005F6D3A /* Resources */,
				D780CBB4C9AE7E0968CD0136 /* Embed Pods Frameworks */,
				CC754D2750E7D7FB160A041F /* Copy Pods Resources */,
			);
			buildRules = (
			);
			dependencies = (
			);
			name = StreetArtView;
			productName = StreetArtView;
			productReference = 7477F3201CA2F496005F6D3A /* StreetArtView.app */;
			productType = "com.apple.product-type.application";
		};
		7477F3351CA2F497005F6D3A /* StreetArtViewTests */ = {
			isa = PBXNativeTarget;
			buildConfigurationList = 7477F34D1CA2F497005F6D3A /* Build configuration list for PBXNativeTarget "StreetArtViewTests" */;
			buildPhases = (
				CD1390CBFF6CADAE975EC8A9 /* Check Pods Manifest.lock */,
				7477F3321CA2F497005F6D3A /* Sources */,
				7477F3331CA2F497005F6D3A /* Frameworks */,
				7477F3341CA2F497005F6D3A /* Resources */,
				2849547A914C9C3387491A72 /* Embed Pods Frameworks */,
				AF1A60E6886719476F2413EA /* Copy Pods Resources */,
			);
			buildRules = (
			);
			dependencies = (
				7477F3381CA2F497005F6D3A /* PBXTargetDependency */,
			);
			name = StreetArtViewTests;
			productName = StreetArtViewTests;
			productReference = 7477F3361CA2F497005F6D3A /* StreetArtViewTests.xctest */;
			productType = "com.apple.product-type.bundle.unit-test";
		};
		7477F3401CA2F497005F6D3A /* StreetArtViewUITests */ = {
			isa = PBXNativeTarget;
			buildConfigurationList = 7477F3501CA2F497005F6D3A /* Build configuration list for PBXNativeTarget "StreetArtViewUITests" */;
			buildPhases = (
				7477F33D1CA2F497005F6D3A /* Sources */,
				7477F33E1CA2F497005F6D3A /* Frameworks */,
				7477F33F1CA2F497005F6D3A /* Resources */,
			);
			buildRules = (
			);
			dependencies = (
				7477F3431CA2F497005F6D3A /* PBXTargetDependency */,
			);
			name = StreetArtViewUITests;
			productName = StreetArtViewUITests;
			productReference = 7477F3411CA2F497005F6D3A /* StreetArtViewUITests.xctest */;
			productType = "com.apple.product-type.bundle.ui-testing";
		};
/* End PBXNativeTarget section */

/* Begin PBXProject section */
		7477F3181CA2F496005F6D3A /* Project object */ = {
			isa = PBXProject;
			attributes = {
				LastSwiftUpdateCheck = 0710;
				LastUpgradeCheck = 0710;
				ORGANIZATIONNAME = "street art view";
				TargetAttributes = {
					7477F31F1CA2F496005F6D3A = {
						CreatedOnToolsVersion = 7.1;
					};
					7477F3351CA2F497005F6D3A = {
						CreatedOnToolsVersion = 7.1;
						TestTargetID = 7477F31F1CA2F496005F6D3A;
					};
					7477F3401CA2F497005F6D3A = {
						CreatedOnToolsVersion = 7.1;
						TestTargetID = 7477F31F1CA2F496005F6D3A;
					};
				};
			};
			buildConfigurationList = 7477F31B1CA2F496005F6D3A /* Build configuration list for PBXProject "StreetArtView" */;
			compatibilityVersion = "Xcode 3.2";
			developmentRegion = English;
			hasScannedForEncodings = 0;
			knownRegions = (
				en,
				Base,
			);
			mainGroup = 7477F3171CA2F496005F6D3A;
			productRefGroup = 7477F3211CA2F496005F6D3A /* Products */;
			projectDirPath = "";
			projectRoot = "";
			targets = (
				7477F31F1CA2F496005F6D3A /* StreetArtView */,
				7477F3351CA2F497005F6D3A /* StreetArtViewTests */,
				7477F3401CA2F497005F6D3A /* StreetArtViewUITests */,
			);
		};
/* End PBXProject section */

/* Begin PBXResourcesBuildPhase section */
		7477F31E1CA2F496005F6D3A /* Resources */ = {
			isa = PBXResourcesBuildPhase;
			buildActionMask = 2147483647;
			files = (
				7477F3301CA2F496005F6D3A /* LaunchScreen.storyboard in Resources */,
				7477F32D1CA2F496005F6D3A /* Assets.xcassets in Resources */,
				7477F32B1CA2F496005F6D3A /* Main.storyboard in Resources */,
			);
			runOnlyForDeploymentPostprocessing = 0;
		};
		7477F3341CA2F497005F6D3A /* Resources */ = {
			isa = PBXResourcesBuildPhase;
			buildActionMask = 2147483647;
			files = (
			);
			runOnlyForDeploymentPostprocessing = 0;
		};
		7477F33F1CA2F497005F6D3A /* Resources */ = {
			isa = PBXResourcesBuildPhase;
			buildActionMask = 2147483647;
			files = (
			);
			runOnlyForDeploymentPostprocessing = 0;
		};
/* End PBXResourcesBuildPhase section */

/* Begin PBXShellScriptBuildPhase section */
		2849547A914C9C3387491A72 /* Embed Pods Frameworks */ = {
			isa = PBXShellScriptBuildPhase;
			buildActionMask = 2147483647;
			files = (
			);
			inputPaths = (
			);
			name = "Embed Pods Frameworks";
			outputPaths = (
			);
			runOnlyForDeploymentPostprocessing = 0;
			shellPath = /bin/sh;
			shellScript = "\"${SRCROOT}/Pods/Target Support Files/Pods-StreetArtViewTests/Pods-StreetArtViewTests-frameworks.sh\"\n";
			showEnvVarsInLog = 0;
		};
		78EEF6D5A64208C64E468A1A /* Check Pods Manifest.lock */ = {
			isa = PBXShellScriptBuildPhase;
			buildActionMask = 2147483647;
			files = (
			);
			inputPaths = (
			);
			name = "Check Pods Manifest.lock";
			outputPaths = (
			);
			runOnlyForDeploymentPostprocessing = 0;
			shellPath = /bin/sh;
			shellScript = "diff \"${PODS_ROOT}/../Podfile.lock\" \"${PODS_ROOT}/Manifest.lock\" > /dev/null\nif [[ $? != 0 ]] ; then\n    cat << EOM\nerror: The sandbox is not in sync with the Podfile.lock. Run 'pod install' or update your CocoaPods installation.\nEOM\n    exit 1\nfi\n";
			showEnvVarsInLog = 0;
		};
		AF1A60E6886719476F2413EA /* Copy Pods Resources */ = {
			isa = PBXShellScriptBuildPhase;
			buildActionMask = 2147483647;
			files = (
			);
			inputPaths = (
			);
			name = "Copy Pods Resources";
			outputPaths = (
			);
			runOnlyForDeploymentPostprocessing = 0;
			shellPath = /bin/sh;
			shellScript = "\"${SRCROOT}/Pods/Target Support Files/Pods-StreetArtViewTests/Pods-StreetArtViewTests-resources.sh\"\n";
			showEnvVarsInLog = 0;
		};
		CC754D2750E7D7FB160A041F /* Copy Pods Resources */ = {
			isa = PBXShellScriptBuildPhase;
			buildActionMask = 2147483647;
			files = (
			);
			inputPaths = (
			);
			name = "Copy Pods Resources";
			outputPaths = (
			);
			runOnlyForDeploymentPostprocessing = 0;
			shellPath = /bin/sh;
			shellScript = "\"${SRCROOT}/Pods/Target Support Files/Pods-StreetArtView/Pods-StreetArtView-resources.sh\"\n";
			showEnvVarsInLog = 0;
		};
		CD1390CBFF6CADAE975EC8A9 /* Check Pods Manifest.lock */ = {
			isa = PBXShellScriptBuildPhase;
			buildActionMask = 2147483647;
			files = (
			);
			inputPaths = (
			);
			name = "Check Pods Manifest.lock";
			outputPaths = (
			);
			runOnlyForDeploymentPostprocessing = 0;
			shellPath = /bin/sh;
			shellScript = "diff \"${PODS_ROOT}/../Podfile.lock\" \"${PODS_ROOT}/Manifest.lock\" > /dev/null\nif [[ $? != 0 ]] ; then\n    cat << EOM\nerror: The sandbox is not in sync with the Podfile.lock. Run 'pod install' or update your CocoaPods installation.\nEOM\n    exit 1\nfi\n";
			showEnvVarsInLog = 0;
		};
		D780CBB4C9AE7E0968CD0136 /* Embed Pods Frameworks */ = {
			isa = PBXShellScriptBuildPhase;
			buildActionMask = 2147483647;
			files = (
			);
			inputPaths = (
			);
			name = "Embed Pods Frameworks";
			outputPaths = (
			);
			runOnlyForDeploymentPostprocessing = 0;
			shellPath = /bin/sh;
			shellScript = "\"${SRCROOT}/Pods/Target Support Files/Pods-StreetArtView/Pods-StreetArtView-frameworks.sh\"\n";
			showEnvVarsInLog = 0;
		};
/* End PBXShellScriptBuildPhase section */

/* Begin PBXSourcesBuildPhase section */
		7477F31C1CA2F496005F6D3A /* Sources */ = {
			isa = PBXSourcesBuildPhase;
			buildActionMask = 2147483647;
			files = (
				7416BE7C1CA5321000A0B33C /* AuthorUi.swift in Sources */,
				7416BE741CA52DE900A0B33C /* RealmLocation.swift in Sources */,
				7416BE7E1CA55DB200A0B33C /* RealmString.swift in Sources */,
				7477F3281CA2F496005F6D3A /* ListViewController.swift in Sources */,
				7416BE701CA52C1400A0B33C /* RealmArtObject.swift in Sources */,
				7416BE7A1CA5315F00A0B33C /* ArtObjectUi.swift in Sources */,
				7416BE721CA52DA800A0B33C /* RealmAuthor.swift in Sources */,
				74952D311CA40651008AEA8F /* FavouritesViewController.swift in Sources */,
				7477F3241CA2F496005F6D3A /* AppDelegate.swift in Sources */,
				7416BE761CA52E3B00A0B33C /* DataSource.swift in Sources */,
				7477F3261CA2F496005F6D3A /* MapViewController.swift in Sources */,
			);
			runOnlyForDeploymentPostprocessing = 0;
		};
		7477F3321CA2F497005F6D3A /* Sources */ = {
			isa = PBXSourcesBuildPhase;
			buildActionMask = 2147483647;
			files = (
				7477F33B1CA2F497005F6D3A /* StreetArtViewTests.swift in Sources */,
			);
			runOnlyForDeploymentPostprocessing = 0;
		};
		7477F33D1CA2F497005F6D3A /* Sources */ = {
			isa = PBXSourcesBuildPhase;
			buildActionMask = 2147483647;
			files = (
				7477F3461CA2F497005F6D3A /* StreetArtViewUITests.swift in Sources */,
			);
			runOnlyForDeploymentPostprocessing = 0;
		};
/* End PBXSourcesBuildPhase section */

/* Begin PBXTargetDependency section */
		7477F3381CA2F497005F6D3A /* PBXTargetDependency */ = {
			isa = PBXTargetDependency;
			target = 7477F31F1CA2F496005F6D3A /* StreetArtView */;
			targetProxy = 7477F3371CA2F497005F6D3A /* PBXContainerItemProxy */;
		};
		7477F3431CA2F497005F6D3A /* PBXTargetDependency */ = {
			isa = PBXTargetDependency;
			target = 7477F31F1CA2F496005F6D3A /* StreetArtView */;
			targetProxy = 7477F3421CA2F497005F6D3A /* PBXContainerItemProxy */;
		};
/* End PBXTargetDependency section */

/* Begin PBXVariantGroup section */
		7477F3291CA2F496005F6D3A /* Main.storyboard */ = {
			isa = PBXVariantGroup;
			children = (
				7477F32A1CA2F496005F6D3A /* Base */,
			);
			name = Main.storyboard;
			sourceTree = "<group>";
		};
		7477F32E1CA2F496005F6D3A /* LaunchScreen.storyboard */ = {
			isa = PBXVariantGroup;
			children = (
				7477F32F1CA2F496005F6D3A /* Base */,
			);
			name = LaunchScreen.storyboard;
			sourceTree = "<group>";
		};
/* End PBXVariantGroup section */

/* Begin XCBuildConfiguration section */
		7477F3481CA2F497005F6D3A /* Debug */ = {
			isa = XCBuildConfiguration;
			buildSettings = {
				ALWAYS_SEARCH_USER_PATHS = NO;
				CLANG_CXX_LANGUAGE_STANDARD = "gnu++0x";
				CLANG_CXX_LIBRARY = "libc++";
				CLANG_ENABLE_MODULES = YES;
				CLANG_ENABLE_OBJC_ARC = YES;
				CLANG_WARN_BOOL_CONVERSION = YES;
				CLANG_WARN_CONSTANT_CONVERSION = YES;
				CLANG_WARN_DIRECT_OBJC_ISA_USAGE = YES_ERROR;
				CLANG_WARN_EMPTY_BODY = YES;
				CLANG_WARN_ENUM_CONVERSION = YES;
				CLANG_WARN_INT_CONVERSION = YES;
				CLANG_WARN_OBJC_ROOT_CLASS = YES_ERROR;
				CLANG_WARN_UNREACHABLE_CODE = YES;
				CLANG_WARN__DUPLICATE_METHOD_MATCH = YES;
				"CODE_SIGN_IDENTITY[sdk=iphoneos*]" = "iPhone Developer";
				COPY_PHASE_STRIP = NO;
				DEBUG_INFORMATION_FORMAT = dwarf;
				ENABLE_STRICT_OBJC_MSGSEND = YES;
				ENABLE_TESTABILITY = YES;
				GCC_C_LANGUAGE_STANDARD = gnu99;
				GCC_DYNAMIC_NO_PIC = NO;
				GCC_NO_COMMON_BLOCKS = YES;
				GCC_OPTIMIZATION_LEVEL = 0;
				GCC_PREPROCESSOR_DEFINITIONS = (
					"DEBUG=1",
					"$(inherited)",
				);
				GCC_WARN_64_TO_32_BIT_CONVERSION = YES;
				GCC_WARN_ABOUT_RETURN_TYPE = YES_ERROR;
				GCC_WARN_UNDECLARED_SELECTOR = YES;
				GCC_WARN_UNINITIALIZED_AUTOS = YES_AGGRESSIVE;
				GCC_WARN_UNUSED_FUNCTION = YES;
				GCC_WARN_UNUSED_VARIABLE = YES;
				IPHONEOS_DEPLOYMENT_TARGET = 8.0;
				MTL_ENABLE_DEBUG_INFO = YES;
				ONLY_ACTIVE_ARCH = YES;
				SDKROOT = iphoneos;
				SWIFT_OPTIMIZATION_LEVEL = "-Onone";
				TARGETED_DEVICE_FAMILY = "1,2";
			};
			name = Debug;
		};
		7477F3491CA2F497005F6D3A /* Release */ = {
			isa = XCBuildConfiguration;
			buildSettings = {
				ALWAYS_SEARCH_USER_PATHS = NO;
				CLANG_CXX_LANGUAGE_STANDARD = "gnu++0x";
				CLANG_CXX_LIBRARY = "libc++";
				CLANG_ENABLE_MODULES = YES;
				CLANG_ENABLE_OBJC_ARC = YES;
				CLANG_WARN_BOOL_CONVERSION = YES;
				CLANG_WARN_CONSTANT_CONVERSION = YES;
				CLANG_WARN_DIRECT_OBJC_ISA_USAGE = YES_ERROR;
				CLANG_WARN_EMPTY_BODY = YES;
				CLANG_WARN_ENUM_CONVERSION = YES;
				CLANG_WARN_INT_CONVERSION = YES;
				CLANG_WARN_OBJC_ROOT_CLASS = YES_ERROR;
				CLANG_WARN_UNREACHABLE_CODE = YES;
				CLANG_WARN__DUPLICATE_METHOD_MATCH = YES;
				"CODE_SIGN_IDENTITY[sdk=iphoneos*]" = "iPhone Developer";
				COPY_PHASE_STRIP = NO;
				DEBUG_INFORMATION_FORMAT = "dwarf-with-dsym";
				ENABLE_NS_ASSERTIONS = NO;
				ENABLE_STRICT_OBJC_MSGSEND = YES;
				GCC_C_LANGUAGE_STANDARD = gnu99;
				GCC_NO_COMMON_BLOCKS = YES;
				GCC_WARN_64_TO_32_BIT_CONVERSION = YES;
				GCC_WARN_ABOUT_RETURN_TYPE = YES_ERROR;
				GCC_WARN_UNDECLARED_SELECTOR = YES;
				GCC_WARN_UNINITIALIZED_AUTOS = YES_AGGRESSIVE;
				GCC_WARN_UNUSED_FUNCTION = YES;
				GCC_WARN_UNUSED_VARIABLE = YES;
				IPHONEOS_DEPLOYMENT_TARGET = 8.0;
				MTL_ENABLE_DEBUG_INFO = NO;
				SDKROOT = iphoneos;
				TARGETED_DEVICE_FAMILY = "1,2";
				VALIDATE_PRODUCT = YES;
			};
			name = Release;
		};
		7477F34B1CA2F497005F6D3A /* Debug */ = {
			isa = XCBuildConfiguration;
			baseConfigurationReference = 015772D2A4A6CF63DC911D2A /* Pods-StreetArtView.debug.xcconfig */;
			buildSettings = {
				ASSETCATALOG_COMPILER_APPICON_NAME = AppIcon;
				INFOPLIST_FILE = StreetArtView/Info.plist;
				LD_RUNPATH_SEARCH_PATHS = "$(inherited) @executable_path/Frameworks";
				PRODUCT_BUNDLE_IDENTIFIER = org.streetartview.StreetArtView;
				PRODUCT_NAME = "$(TARGET_NAME)";
			};
			name = Debug;
		};
		7477F34C1CA2F497005F6D3A /* Release */ = {
			isa = XCBuildConfiguration;
			baseConfigurationReference = 7DC321D93F58836E5E3600DC /* Pods-StreetArtView.release.xcconfig */;
			buildSettings = {
				ASSETCATALOG_COMPILER_APPICON_NAME = AppIcon;
				INFOPLIST_FILE = StreetArtView/Info.plist;
				LD_RUNPATH_SEARCH_PATHS = "$(inherited) @executable_path/Frameworks";
				PRODUCT_BUNDLE_IDENTIFIER = org.streetartview.StreetArtView;
				PRODUCT_NAME = "$(TARGET_NAME)";
			};
			name = Release;
		};
		7477F34E1CA2F497005F6D3A /* Debug */ = {
			isa = XCBuildConfiguration;
			baseConfigurationReference = A402228E0BAC104B0CE98F08 /* Pods-StreetArtViewTests.debug.xcconfig */;
			buildSettings = {
				BUNDLE_LOADER = "$(TEST_HOST)";
				INFOPLIST_FILE = StreetArtViewTests/Info.plist;
				LD_RUNPATH_SEARCH_PATHS = "$(inherited) @executable_path/Frameworks @loader_path/Frameworks";
				PRODUCT_BUNDLE_IDENTIFIER = org.streetartview.StreetArtViewTests;
				PRODUCT_NAME = "$(TARGET_NAME)";
				TEST_HOST = "$(BUILT_PRODUCTS_DIR)/StreetArtView.app/StreetArtView";
			};
			name = Debug;
		};
		7477F34F1CA2F497005F6D3A /* Release */ = {
			isa = XCBuildConfiguration;
			baseConfigurationReference = 8B06C0D2B00BF582F82575B3 /* Pods-StreetArtViewTests.release.xcconfig */;
			buildSettings = {
				BUNDLE_LOADER = "$(TEST_HOST)";
				INFOPLIST_FILE = StreetArtViewTests/Info.plist;
				LD_RUNPATH_SEARCH_PATHS = "$(inherited) @executable_path/Frameworks @loader_path/Frameworks";
				PRODUCT_BUNDLE_IDENTIFIER = org.streetartview.StreetArtViewTests;
				PRODUCT_NAME = "$(TARGET_NAME)";
				TEST_HOST = "$(BUILT_PRODUCTS_DIR)/StreetArtView.app/StreetArtView";
			};
			name = Release;
		};
		7477F3511CA2F497005F6D3A /* Debug */ = {
			isa = XCBuildConfiguration;
			buildSettings = {
				INFOPLIST_FILE = StreetArtViewUITests/Info.plist;
				LD_RUNPATH_SEARCH_PATHS = "$(inherited) @executable_path/Frameworks @loader_path/Frameworks";
				PRODUCT_BUNDLE_IDENTIFIER = org.streetartview.StreetArtViewUITests;
				PRODUCT_NAME = "$(TARGET_NAME)";
				TEST_TARGET_NAME = StreetArtView;
				USES_XCTRUNNER = YES;
			};
			name = Debug;
		};
		7477F3521CA2F497005F6D3A /* Release */ = {
			isa = XCBuildConfiguration;
			buildSettings = {
				INFOPLIST_FILE = StreetArtViewUITests/Info.plist;
				LD_RUNPATH_SEARCH_PATHS = "$(inherited) @executable_path/Frameworks @loader_path/Frameworks";
				PRODUCT_BUNDLE_IDENTIFIER = org.streetartview.StreetArtViewUITests;
				PRODUCT_NAME = "$(TARGET_NAME)";
				TEST_TARGET_NAME = StreetArtView;
				USES_XCTRUNNER = YES;
			};
			name = Release;
		};
/* End XCBuildConfiguration section */

/* Begin XCConfigurationList section */
		7477F31B1CA2F496005F6D3A /* Build configuration list for PBXProject "StreetArtView" */ = {
			isa = XCConfigurationList;
			buildConfigurations = (
				7477F3481CA2F497005F6D3A /* Debug */,
				7477F3491CA2F497005F6D3A /* Release */,
			);
			defaultConfigurationIsVisible = 0;
			defaultConfigurationName = Release;
		};
		7477F34A1CA2F497005F6D3A /* Build configuration list for PBXNativeTarget "StreetArtView" */ = {
			isa = XCConfigurationList;
			buildConfigurations = (
				7477F34B1CA2F497005F6D3A /* Debug */,
				7477F34C1CA2F497005F6D3A /* Release */,
			);
			defaultConfigurationIsVisible = 0;
			defaultConfigurationName = Release;
		};
		7477F34D1CA2F497005F6D3A /* Build configuration list for PBXNativeTarget "StreetArtViewTests" */ = {
			isa = XCConfigurationList;
			buildConfigurations = (
				7477F34E1CA2F497005F6D3A /* Debug */,
				7477F34F1CA2F497005F6D3A /* Release */,
			);
			defaultConfigurationIsVisible = 0;
			defaultConfigurationName = Release;
		};
		7477F3501CA2F497005F6D3A /* Build configuration list for PBXNativeTarget "StreetArtViewUITests" */ = {
			isa = XCConfigurationList;
			buildConfigurations = (
				7477F3511CA2F497005F6D3A /* Debug */,
				7477F3521CA2F497005F6D3A /* Release */,
			);
			defaultConfigurationIsVisible = 0;
			defaultConfigurationName = Release;
		};
/* End XCConfigurationList section */
	};
	rootObject = 7477F3181CA2F496005F6D3A /* Project object */;
}
